{
  "name": "flowsource",
  "version": "1.0.0",
  "lockfileVersion": 2,
  "requires": true,
  "packages": {
    "": {
      "name": "flowsource",
      "version": "1.0.0",
      "license": "ISC",
      "dependencies": {
        "@or-sdk/bots": "^1.0.3",
        "@or-sdk/flows": "^1.0.3",
        "lodash": "^4.17.21"
      }
    },
    "node_modules/@or-sdk/base": {
      "version": "0.26.8",
      "resolved": "https://registry.npmjs.org/@or-sdk/base/-/base-0.26.8.tgz",
      "integrity": "sha512-J6dVsTzGrhyDKJxiEgvs9KQkcj+3+JQu/rTXQz/q5MMuZ6dU+XJhyErxT22HNypFQ7lkUnBjrp2D8bLY+DMs1A==",
      "dependencies": {
        "axios": "^0.24.0",
        "lodash": "^4.17.21",
        "qs": "^6.11.0"
      }
    },
    "node_modules/@or-sdk/bots": {
      "version": "1.0.3",
      "resolved": "https://registry.npmjs.org/@or-sdk/bots/-/bots-1.0.3.tgz",
      "integrity": "sha512-N7EakZcPiT2KCCJOiHGda5SYuv5fLgEExkkR/hqVFDGcs161shI1T4TRR+Nrpk3ck5H0TGPlc1NBmvaWApMmxA==",
      "dependencies": {
        "@or-sdk/base": "^0.26.8",
        "@or-sdk/data-hub-svc": "^2.0.2",
        "@or-sdk/tags": "^1.0.3"
      }
    },
    "node_modules/@or-sdk/data-hub-svc": {
      "version": "2.0.2",
      "resolved": "https://registry.npmjs.org/@or-sdk/data-hub-svc/-/data-hub-svc-2.0.2.tgz",
      "integrity": "sha512-Ex2diKldiqg4WAUscRyk0mYDpCDNR3L0qj88xj8fxapiEazbyOX7/IWb3runcMcx0G+qIZfvoTJjPwhzbMy9Lw==",
      "dependencies": {
        "@or-sdk/base": "^0.26.8",
        "lodash": "^4.14.176"
      }
    },
    "node_modules/@or-sdk/deployer": {
      "version": "1.0.3",
      "resolved": "https://registry.npmjs.org/@or-sdk/deployer/-/deployer-1.0.3.tgz",
      "integrity": "sha512-tXmXqHK428oTw0NIRgzdnFuiUZHrTaxSbgsnbDINAyEeg/6d/BZm4n2C+JebNUY+yDnxvUrPQNn9atcTT+BlSA==",
      "dependencies": {
        "@or-sdk/base": "^0.26.8",
        "@or-sdk/step-templates": "^2.0.2",
        "lodash": "^4.17.21"
      }
    },
    "node_modules/@or-sdk/flows": {
      "version": "1.0.3",
      "resolved": "https://registry.npmjs.org/@or-sdk/flows/-/flows-1.0.3.tgz",
      "integrity": "sha512-CfQdPj9LB1gWTyhbsU9maTdFfIs8MMz7hN5fFZYS6hIvZFj6C3DtCnfJXWIBm8GxAjhBLZSok7BAYxt/VYrHTg==",
      "dependencies": {
        "@or-sdk/base": "^0.26.8",
        "@or-sdk/data-hub-svc": "^2.0.2",
        "@or-sdk/deployer": "^1.0.3",
        "@or-sdk/tags": "^1.0.3"
      }
    },
    "node_modules/@or-sdk/step-templates": {
      "version": "2.0.2",
      "resolved": "https://registry.npmjs.org/@or-sdk/step-templates/-/step-templates-2.0.2.tgz",
      "integrity": "sha512-wdy5Ye0cGz8IlNOLOCe1R/e1Yw4DVfAOxZVEv8tukgsN1kO2oUpd0NgqymTiWhbyHdyh02BZvMWZ2HtZHs8GYg==",
      "dependencies": {
        "@or-sdk/base": "^0.26.8",
        "@or-sdk/data-hub-svc": "^2.0.2",
        "uuid": "^8.3.2"
      }
    },
    "node_modules/@or-sdk/tags": {
      "version": "1.0.3",
      "resolved": "https://registry.npmjs.org/@or-sdk/tags/-/tags-1.0.3.tgz",
      "integrity": "sha512-d7mQQb4zwrE0veG8Lv/x4MyXKn0MLBy5e06q3JnXhI2F//8gkxtwJ0Xoq58QPVi62SY2LbU06qu5/mQsQaAkmA==",
      "dependencies": {
        "@or-sdk/base": "^0.26.8",
        "@or-sdk/data-hub-svc": "^2.0.2"
      }
    },
    "node_modules/axios": {
      "version": "0.24.0",
      "resolved": "https://registry.npmjs.org/axios/-/axios-0.24.0.tgz",
      "integrity": "sha512-Q6cWsys88HoPgAaFAVUb0WpPk0O8iTeisR9IMqy9G8AbO4NlpVknrnQS03zzF9PGAWgO3cgletO3VjV/P7VztA==",
      "dependencies": {
        "follow-redirects": "^1.14.4"
      }
    },
    "node_modules/call-bind": {
      "version": "1.0.2",
      "resolved": "https://registry.npmjs.org/call-bind/-/call-bind-1.0.2.tgz",
      "integrity": "sha512-7O+FbCihrB5WGbFYesctwmTKae6rOiIzmz1icreWJ+0aA7LJfuqhEso2T9ncpcFtzMQtzXf2QGGueWJGTYsqrA==",
      "dependencies": {
        "function-bind": "^1.1.1",
        "get-intrinsic": "^1.0.2"
      },
      "funding": {
        "url": "https://github.com/sponsors/ljharb"
      }
    },
    "node_modules/follow-redirects": {
      "version": "1.15.2",
      "resolved": "https://registry.npmjs.org/follow-redirects/-/follow-redirects-1.15.2.tgz",
      "integrity": "sha512-VQLG33o04KaQ8uYi2tVNbdrWp1QWxNNea+nmIB4EVM28v0hmP17z7aG1+wAkNzVq4KeXTq3221ye5qTJP91JwA==",
      "funding": [
        {
          "type": "individual",
          "url": "https://github.com/sponsors/RubenVerborgh"
        }
      ],
      "engines": {
        "node": ">=4.0"
      },
      "peerDependenciesMeta": {
        "debug": {
          "optional": true
        }
      }
    },
    "node_modules/function-bind": {
      "version": "1.1.1",
      "resolved": "https://registry.npmjs.org/function-bind/-/function-bind-1.1.1.tgz",
      "integrity": "sha512-yIovAzMX49sF8Yl58fSCWJ5svSLuaibPxXQJFLmBObTuCr0Mf1KiPopGM9NiFjiYBCbfaa2Fh6breQ6ANVTI0A=="
    },
    "node_modules/get-intrinsic": {
      "version": "1.1.3",
      "resolved": "https://registry.npmjs.org/get-intrinsic/-/get-intrinsic-1.1.3.tgz",
      "integrity": "sha512-QJVz1Tj7MS099PevUG5jvnt9tSkXN8K14dxQlikJuPt4uD9hHAHjLyLBiLR5zELelBdD9QNRAXZzsJx0WaDL9A==",
      "dependencies": {
        "function-bind": "^1.1.1",
        "has": "^1.0.3",
        "has-symbols": "^1.0.3"
      },
      "funding": {
        "url": "https://github.com/sponsors/ljharb"
      }
    },
    "node_modules/has": {
      "version": "1.0.3",
      "resolved": "https://registry.npmjs.org/has/-/has-1.0.3.tgz",
      "integrity": "sha512-f2dvO0VU6Oej7RkWJGrehjbzMAjFp5/VKPp5tTpWIV4JHHZK1/BxbFRtf/siA2SWTe09caDmVtYYzWEIbBS4zw==",
      "dependencies": {
        "function-bind": "^1.1.1"
      },
      "engines": {
        "node": ">= 0.4.0"
      }
    },
    "node_modules/has-symbols": {
      "version": "1.0.3",
      "resolved": "https://registry.npmjs.org/has-symbols/-/has-symbols-1.0.3.tgz",
      "integrity": "sha512-l3LCuF6MgDNwTDKkdYGEihYjt5pRPbEg46rtlmnSPlUbgmB8LOIrKJbYYFBSbnPaJexMKtiPO8hmeRjRz2Td+A==",
      "engines": {
        "node": ">= 0.4"
      },
      "funding": {
        "url": "https://github.com/sponsors/ljharb"
      }
    },
    "node_modules/lodash": {
      "version": "4.17.21",
      "resolved": "https://registry.npmjs.org/lodash/-/lodash-4.17.21.tgz",
      "integrity": "sha512-v2kDEe57lecTulaDIuNTPy3Ry4gLGJ6Z1O3vE1krgXZNrsQ+LFTGHVxVjcXPs17LhbZVGedAJv8XZ1tvj5FvSg=="
    },
    "node_modules/object-inspect": {
      "version": "1.12.2",
      "resolved": "https://registry.npmjs.org/object-inspect/-/object-inspect-1.12.2.tgz",
      "integrity": "sha512-z+cPxW0QGUp0mcqcsgQyLVRDoXFQbXOwBaqyF7VIgI4TWNQsDHrBpUQslRmIfAoYWdYzs6UlKJtB2XJpTaNSpQ==",
      "funding": {
        "url": "https://github.com/sponsors/ljharb"
      }
    },
    "node_modules/qs": {
      "version": "6.11.0",
      "resolved": "https://registry.npmjs.org/qs/-/qs-6.11.0.tgz",
      "integrity": "sha512-MvjoMCJwEarSbUYk5O+nmoSzSutSsTwF85zcHPQ9OrlFoZOYIjaqBAJIqIXjptyD5vThxGq52Xu/MaJzRkIk4Q==",
      "dependencies": {
        "side-channel": "^1.0.4"
      },
      "engines": {
        "node": ">=0.6"
      },
      "funding": {
        "url": "https://github.com/sponsors/ljharb"
      }
    },
    "node_modules/side-channel": {
      "version": "1.0.4",
      "resolved": "https://registry.npmjs.org/side-channel/-/side-channel-1.0.4.tgz",
      "integrity": "sha512-q5XPytqFEIKHkGdiMIrY10mvLRvnQh42/+GoBlFW3b2LXLE2xxJpZFdm94we0BaoV3RwJyGqg5wS7epxTv0Zvw==",
      "dependencies": {
        "call-bind": "^1.0.0",
        "get-intrinsic": "^1.0.2",
        "object-inspect": "^1.9.0"
      },
      "funding": {
        "url": "https://github.com/sponsors/ljharb"
      }
    },
    "node_modules/uuid": {
      "version": "8.3.2",
      "resolved": "https://registry.npmjs.org/uuid/-/uuid-8.3.2.tgz",
      "integrity": "sha512-+NYs2QeMWy+GWFOEm9xnn6HCDp0l7QBD7ml8zLUmJ+93Q5NF0NocErnwkTkXVFNiX3/fpC6afS8Dhb/gz7R7eg==",
      "bin": {
        "uuid": "dist/bin/uuid"
      }
    }
  },
  "dependencies": {
    "@or-sdk/base": {
      "version": "0.26.8",
      "resolved": "https://registry.npmjs.org/@or-sdk/base/-/base-0.26.8.tgz",
      "integrity": "sha512-J6dVsTzGrhyDKJxiEgvs9KQkcj+3+JQu/rTXQz/q5MMuZ6dU+XJhyErxT22HNypFQ7lkUnBjrp2D8bLY+DMs1A==",
      "requires": {
        "axios": "^0.24.0",
        "lodash": "^4.17.21",
        "qs": "^6.11.0"
      }
    },
    "@or-sdk/bots": {
      "version": "1.0.3",
      "resolved": "https://registry.npmjs.org/@or-sdk/bots/-/bots-1.0.3.tgz",
      "integrity": "sha512-N7EakZcPiT2KCCJOiHGda5SYuv5fLgEExkkR/hqVFDGcs161shI1T4TRR+Nrpk3ck5H0TGPlc1NBmvaWApMmxA==",
      "requires": {
        "@or-sdk/base": "^0.26.8",
        "@or-sdk/data-hub-svc": "^2.0.2",
        "@or-sdk/tags": "^1.0.3"
      }
    },
    "@or-sdk/data-hub-svc": {
      "version": "2.0.2",
      "resolved": "https://registry.npmjs.org/@or-sdk/data-hub-svc/-/data-hub-svc-2.0.2.tgz",
      "integrity": "sha512-Ex2diKldiqg4WAUscRyk0mYDpCDNR3L0qj88xj8fxapiEazbyOX7/IWb3runcMcx0G+qIZfvoTJjPwhzbMy9Lw==",
      "requires": {
        "@or-sdk/base": "^0.26.8",
        "lodash": "^4.14.176"
      }
    },
    "@or-sdk/deployer": {
      "version": "1.0.3",
      "resolved": "https://registry.npmjs.org/@or-sdk/deployer/-/deployer-1.0.3.tgz",
      "integrity": "sha512-tXmXqHK428oTw0NIRgzdnFuiUZHrTaxSbgsnbDINAyEeg/6d/BZm4n2C+JebNUY+yDnxvUrPQNn9atcTT+BlSA==",
      "requires": {
        "@or-sdk/base": "^0.26.8",
        "@or-sdk/step-templates": "^2.0.2",
        "lodash": "^4.17.21"
      }
    },
    "@or-sdk/flows": {
      "version": "1.0.3",
      "resolved": "https://registry.npmjs.org/@or-sdk/flows/-/flows-1.0.3.tgz",
      "integrity": "sha512-CfQdPj9LB1gWTyhbsU9maTdFfIs8MMz7hN5fFZYS6hIvZFj6C3DtCnfJXWIBm8GxAjhBLZSok7BAYxt/VYrHTg==",
      "requires": {
        "@or-sdk/base": "^0.26.8",
        "@or-sdk/data-hub-svc": "^2.0.2",
        "@or-sdk/deployer": "^1.0.3",
        "@or-sdk/tags": "^1.0.3"
      }
    },
    "@or-sdk/step-templates": {
      "version": "2.0.2",
      "resolved": "https://registry.npmjs.org/@or-sdk/step-templates/-/step-templates-2.0.2.tgz",
      "integrity": "sha512-wdy5Ye0cGz8IlNOLOCe1R/e1Yw4DVfAOxZVEv8tukgsN1kO2oUpd0NgqymTiWhbyHdyh02BZvMWZ2HtZHs8GYg==",
      "requires": {
        "@or-sdk/base": "^0.26.8",
        "@or-sdk/data-hub-svc": "^2.0.2",
        "uuid": "^8.3.2"
      }
    },
    "@or-sdk/tags": {
      "version": "1.0.3",
      "resolved": "https://registry.npmjs.org/@or-sdk/tags/-/tags-1.0.3.tgz",
      "integrity": "sha512-d7mQQb4zwrE0veG8Lv/x4MyXKn0MLBy5e06q3JnXhI2F//8gkxtwJ0Xoq58QPVi62SY2LbU06qu5/mQsQaAkmA==",
      "requires": {
        "@or-sdk/base": "^0.26.8",
        "@or-sdk/data-hub-svc": "^2.0.2"
      }
    },
    "axios": {
      "version": "0.24.0",
      "resolved": "https://registry.npmjs.org/axios/-/axios-0.24.0.tgz",
      "integrity": "sha512-Q6cWsys88HoPgAaFAVUb0WpPk0O8iTeisR9IMqy9G8AbO4NlpVknrnQS03zzF9PGAWgO3cgletO3VjV/P7VztA==",
      "requires": {
        "follow-redirects": "^1.14.4"
      }
    },
    "call-bind": {
      "version": "1.0.2",
      "resolved": "https://registry.npmjs.org/call-bind/-/call-bind-1.0.2.tgz",
      "integrity": "sha512-7O+FbCihrB5WGbFYesctwmTKae6rOiIzmz1icreWJ+0aA7LJfuqhEso2T9ncpcFtzMQtzXf2QGGueWJGTYsqrA==",
      "requires": {
        "function-bind": "^1.1.1",
        "get-intrinsic": "^1.0.2"
      }
    },
    "follow-redirects": {
      "version": "1.15.2",
      "resolved": "https://registry.npmjs.org/follow-redirects/-/follow-redirects-1.15.2.tgz",
      "integrity": "sha512-VQLG33o04KaQ8uYi2tVNbdrWp1QWxNNea+nmIB4EVM28v0hmP17z7aG1+wAkNzVq4KeXTq3221ye5qTJP91JwA=="
    },
    "function-bind": {
      "version": "1.1.1",
      "resolved": "https://registry.npmjs.org/function-bind/-/function-bind-1.1.1.tgz",
      "integrity": "sha512-yIovAzMX49sF8Yl58fSCWJ5svSLuaibPxXQJFLmBObTuCr0Mf1KiPopGM9NiFjiYBCbfaa2Fh6breQ6ANVTI0A=="
    },
    "get-intrinsic": {
      "version": "1.1.3",
      "resolved": "https://registry.npmjs.org/get-intrinsic/-/get-intrinsic-1.1.3.tgz",
      "integrity": "sha512-QJVz1Tj7MS099PevUG5jvnt9tSkXN8K14dxQlikJuPt4uD9hHAHjLyLBiLR5zELelBdD9QNRAXZzsJx0WaDL9A==",
      "requires": {
        "function-bind": "^1.1.1",
        "has": "^1.0.3",
        "has-symbols": "^1.0.3"
      }
    },
    "has": {
      "version": "1.0.3",
      "resolved": "https://registry.npmjs.org/has/-/has-1.0.3.tgz",
      "integrity": "sha512-f2dvO0VU6Oej7RkWJGrehjbzMAjFp5/VKPp5tTpWIV4JHHZK1/BxbFRtf/siA2SWTe09caDmVtYYzWEIbBS4zw==",
      "requires": {
        "function-bind": "^1.1.1"
      }
    },
    "has-symbols": {
      "version": "1.0.3",
      "resolved": "https://registry.npmjs.org/has-symbols/-/has-symbols-1.0.3.tgz",
      "integrity": "sha512-l3LCuF6MgDNwTDKkdYGEihYjt5pRPbEg46rtlmnSPlUbgmB8LOIrKJbYYFBSbnPaJexMKtiPO8hmeRjRz2Td+A=="
    },
    "lodash": {
      "version": "4.17.21",
      "resolved": "https://registry.npmjs.org/lodash/-/lodash-4.17.21.tgz",
      "integrity": "sha512-v2kDEe57lecTulaDIuNTPy3Ry4gLGJ6Z1O3vE1krgXZNrsQ+LFTGHVxVjcXPs17LhbZVGedAJv8XZ1tvj5FvSg=="
    },
    "object-inspect": {
      "version": "1.12.2",
      "resolved": "https://registry.npmjs.org/object-inspect/-/object-inspect-1.12.2.tgz",
      "integrity": "sha512-z+cPxW0QGUp0mcqcsgQyLVRDoXFQbXOwBaqyF7VIgI4TWNQsDHrBpUQslRmIfAoYWdYzs6UlKJtB2XJpTaNSpQ=="
    },
    "qs": {
      "version": "6.11.0",
      "resolved": "https://registry.npmjs.org/qs/-/qs-6.11.0.tgz",
      "integrity": "sha512-MvjoMCJwEarSbUYk5O+nmoSzSutSsTwF85zcHPQ9OrlFoZOYIjaqBAJIqIXjptyD5vThxGq52Xu/MaJzRkIk4Q==",
      "requires": {
        "side-channel": "^1.0.4"
      }
    },
    "side-channel": {
      "version": "1.0.4",
      "resolved": "https://registry.npmjs.org/side-channel/-/side-channel-1.0.4.tgz",
      "integrity": "sha512-q5XPytqFEIKHkGdiMIrY10mvLRvnQh42/+GoBlFW3b2LXLE2xxJpZFdm94we0BaoV3RwJyGqg5wS7epxTv0Zvw==",
      "requires": {
        "call-bind": "^1.0.0",
        "get-intrinsic": "^1.0.2",
        "object-inspect": "^1.9.0"
      }
    },
    "uuid": {
      "version": "8.3.2",
      "resolved": "https://registry.npmjs.org/uuid/-/uuid-8.3.2.tgz",
      "integrity": "sha512-+NYs2QeMWy+GWFOEm9xnn6HCDp0l7QBD7ml8zLUmJ+93Q5NF0NocErnwkTkXVFNiX3/fpC6afS8Dhb/gz7R7eg=="
    }
  }
}
